
Microsoft Visual Studio Solution File, Format Version 12.00
# Visual Studio Version 17
VisualStudioVersion = 17.2.32602.215
MinimumVisualStudioVersion = 10.0.40219.1
Project("{FAE04EC0-301F-11D3-BF4B-00C04F79EFBC}") = "BackEnd", "BackEnd.csproj", "{57FA218C-42F7-4DE1-B99C-EFFF7FEBA462}"
EndProject
Project("{FAE04EC0-301F-11D3-BF4B-00C04F79EFBC}") = "DAL", "..\DAL\DAL.csproj", "{6C48206E-0A4F-4AB8-8B42-FF3AD5098C3A}"
EndProject
Project("{FAE04EC0-301F-11D3-BF4B-00C04F79EFBC}") = "Domain", "..\Domain\Domain.csproj", "{440BB479-59E0-4154-89B3-368CAE66ED8A}"
EndProject
Project("{FAE04EC0-301F-11D3-BF4B-00C04F79EFBC}") = "Services", "..\Services\Services.csproj", "{D50ECA48-A205-4772-86B9-56C0E089FC05}"
EndProject
Project("{FAE04EC0-301F-11D3-BF4B-00C04F79EFBC}") = "DTOs", "..\DTOs\DTOs.csproj", "{F013C8C9-8BFC-4DAC-B3CE-E547F103DF60}"
EndProject
Global
	GlobalSection(SolutionConfigurationPlatforms) = preSolution
		Debug|Any CPU = Debug|Any CPU
		Release|Any CPU = Release|Any CPU
	EndGlobalSection
	GlobalSection(ProjectConfigurationPlatforms) = postSolution
		{57FA218C-42F7-4DE1-B99C-EFFF7FEBA462}.Debug|Any CPU.ActiveCfg = Debug|Any CPU
		{57FA218C-42F7-4DE1-B99C-EFFF7FEBA462}.Debug|Any CPU.Build.0 = Debug|Any CPU
		{57FA218C-42F7-4DE1-B99C-EFFF7FEBA462}.Release|Any CPU.ActiveCfg = Release|Any CPU
		{57FA218C-42F7-4DE1-B99C-EFFF7FEBA462}.Release|Any CPU.Build.0 = Release|Any CPU
		{6C48206E-0A4F-4AB8-8B42-FF3AD5098C3A}.Debug|Any CPU.ActiveCfg = Debug|Any CPU
		{6C48206E-0A4F-4AB8-8B42-FF3AD5098C3A}.Debug|Any CPU.Build.0 = Debug|Any CPU
		{6C48206E-0A4F-4AB8-8B42-FF3AD5098C3A}.Release|Any CPU.ActiveCfg = Release|Any CPU
		{6C48206E-0A4F-4AB8-8B42-FF3AD5098C3A}.Release|Any CPU.Build.0 = Release|Any CPU
		{440BB479-59E0-4154-89B3-368CAE66ED8A}.Debug|Any CPU.ActiveCfg = Debug|Any CPU
		{440BB479-59E0-4154-89B3-368CAE66ED8A}.Debug|Any CPU.Build.0 = Debug|Any CPU
		{440BB479-59E0-4154-89B3-368CAE66ED8A}.Release|Any CPU.ActiveCfg = Release|Any CPU
		{440BB479-59E0-4154-89B3-368CAE66ED8A}.Release|Any CPU.Build.0 = Release|Any CPU
		{D50ECA48-A205-4772-86B9-56C0E089FC05}.Debug|Any CPU.ActiveCfg = Debug|Any CPU
		{D50ECA48-A205-4772-86B9-56C0E089FC05}.Debug|Any CPU.Build.0 = Debug|Any CPU
		{D50ECA48-A205-4772-86B9-56C0E089FC05}.Release|Any CPU.ActiveCfg = Release|Any CPU
		{D50ECA48-A205-4772-86B9-56C0E089FC05}.Release|Any CPU.Build.0 = Release|Any CPU
		{F013C8C9-8BFC-4DAC-B3CE-E547F103DF60}.Debug|Any CPU.ActiveCfg = Debug|Any CPU
		{F013C8C9-8BFC-4DAC-B3CE-E547F103DF60}.Debug|Any CPU.Build.0 = Debug|Any CPU
		{F013C8C9-8BFC-4DAC-B3CE-E547F103DF60}.Release|Any CPU.ActiveCfg = Release|Any CPU
		{F013C8C9-8BFC-4DAC-B3CE-E547F103DF60}.Release|Any CPU.Build.0 = Release|Any CPU
	EndGlobalSection
	GlobalSection(SolutionProperties) = preSolution
		HideSolutionNode = FALSE
	EndGlobalSection
	GlobalSection(ExtensibilityGlobals) = postSolution
		SolutionGuid = {98964076-C936-4477-9A48-13DBD5308FBA}
	EndGlobalSection
EndGlobal
